<?xml version="1.0" encoding="utf-8"?>
<Project ToolsVersion="4.0" xmlns="http://schemas.microsoft.com/developer/msbuild/2003">
  <ItemGroup>
    <Filter Include="Source Files">
      <UniqueIdentifier>{4FC737F1-C7A5-4376-A066-2A32D752A2FF}</UniqueIdentifier>
      <Extensions>cpp;c;cc;cxx;c++;cppm;ixx;def;odl;idl;hpj;bat;asm;asmx</Extensions>
    </Filter>
    <Filter Include="Header Files">
      <UniqueIdentifier>{93995380-89BD-4b04-88EB-625FBE52EBFB}</UniqueIdentifier>
      <Extensions>h;hh;hpp;hxx;h++;hm;inl;inc;ipp;xsd</Extensions>
    </Filter>
    <Filter Include="Resource Files">
      <UniqueIdentifier>{67DA6AB6-F800-4c08-8B7A-83BB121AAD01}</UniqueIdentifier>
      <Extensions>rc;ico;cur;bmp;dlg;rc2;rct;bin;rgs;gif;jpg;jpeg;jpe;resx;tiff;tif;png;wav;mfcribbon-ms</Extensions>
    </Filter>
    <Filter Include="Header Files\Data Structure">
      <UniqueIdentifier>{1c22a1c3-df41-4ed0-b75c-41ff6ba82e5a}</UniqueIdentifier>
    </Filter>
    <Filter Include="Header Files\UndoRedoProject">
      <UniqueIdentifier>{2b8a2401-a3e1-47f6-8de5-ecb1f4d79b90}</UniqueIdentifier>
    </Filter>
    <Filter Include="Header Files\QueueLineProject">
      <UniqueIdentifier>{62e14daa-c4c6-4c79-bb01-445f7e164108}</UniqueIdentifier>
    </Filter>
    <Filter Include="Header Files\Lib">
      <UniqueIdentifier>{c8f7874e-ffff-41d0-8b24-2d5769c7d678}</UniqueIdentifier>
    </Filter>
  </ItemGroup>
  <ItemGroup>
    <ClCompile Include="DataStructureProject.cpp">
      <Filter>Source Files</Filter>
    </ClCompile>
  </ItemGroup>
  <ItemGroup>
    <ClInclude Include="clsMyStackArray.h">
      <Filter>Header Files\Data Structure</Filter>
    </ClInclude>
    <ClInclude Include="clsMyStack.h">
      <Filter>Header Files\Data Structure</Filter>
    </ClInclude>
    <ClInclude Include="clsMyQueueArray.h">
      <Filter>Header Files\Data Structure</Filter>
    </ClInclude>
    <ClInclude Include="clsMyQueue.h">
      <Filter>Header Files\Data Structure</Filter>
    </ClInclude>
    <ClInclude Include="clsDynamicArray.h">
      <Filter>Header Files\Data Structure</Filter>
    </ClInclude>
    <ClInclude Include="clsDoubleLinkedList.h">
      <Filter>Header Files\Data Structure</Filter>
    </ClInclude>
    <ClInclude Include="clsMyString.h">
      <Filter>Header Files\UndoRedoProject</Filter>
    </ClInclude>
    <ClInclude Include="clsDate.h">
      <Filter>Header Files\Lib</Filter>
    </ClInclude>
    <ClInclude Include="clsString.h">
      <Filter>Header Files\Lib</Filter>
    </ClInclude>
    <ClInclude Include="clsQueueLine.h">
      <Filter>Header Files\QueueLineProject</Filter>
    </ClInclude>
    <ClInclude Include="clsTicket.h">
      <Filter>Header Files\QueueLineProject</Filter>
    </ClInclude>
  </ItemGroup>
</Project>